
Microsoft Visual Studio Solution File, Format Version 12.00
# Visual Studio 2012
Project("{FAE04EC0-301F-11D3-BF4B-00C04F79EFBC}") = "walkwithme", "walkwithme\walkwithme.csproj", "{F1EAF5C5-FEF3-4982-9EC7-283386B00F85}"
EndProject
Global
	GlobalSection(SolutionConfigurationPlatforms) = preSolution
		Debug|iPhoneSimulator = Debug|iPhoneSimulator
		Release|iPhone = Release|iPhone
		Release|iPhoneSimulator = Release|iPhoneSimulator
		Debug|iPhone = Debug|iPhone
	EndGlobalSection
	GlobalSection(ProjectConfigurationPlatforms) = postSolution
		{F1EAF5C5-FEF3-4982-9EC7-283386B00F85}.Debug|iPhoneSimulator.ActiveCfg = Debug|iPhoneSimulator
		{F1EAF5C5-FEF3-4982-9EC7-283386B00F85}.Debug|iPhoneSimulator.Build.0 = Debug|iPhoneSimulator
		{F1EAF5C5-FEF3-4982-9EC7-283386B00F85}.Release|iPhone.ActiveCfg = Release|iPhone
		{F1EAF5C5-FEF3-4982-9EC7-283386B00F85}.Release|iPhone.Build.0 = Release|iPhone
		{F1EAF5C5-FEF3-4982-9EC7-283386B00F85}.Release|iPhoneSimulator.ActiveCfg = Release|iPhoneSimulator
		{F1EAF5C5-FEF3-4982-9EC7-283386B00F85}.Release|iPhoneSimulator.Build.0 = Release|iPhoneSimulator
		{F1EAF5C5-FEF3-4982-9EC7-283386B00F85}.Debug|iPhone.ActiveCfg = Debug|iPhone
		{F1EAF5C5-FEF3-4982-9EC7-283386B00F85}.Debug|iPhone.Build.0 = Debug|iPhone
	EndGlobalSection
EndGlobal
